
Microsoft Visual Studio Solution File, Format Version 12.00
# Visual Studio Version 17
VisualStudioVersion = 17.4.33110.190
MinimumVisualStudioVersion = 10.0.40219.1
Project("{FAE04EC0-301F-11D3-BF4B-00C04F79EFBC}") = "Calculator", "Calculator.csproj", "{96D47CAC-A1E9-4845-8D56-F5356259838B}"
EndProject
Global
	GlobalSection(SolutionConfigurationPlatforms) = preSolution
		Debug|Any CPU = Debug|Any CPU
		Release|Any CPU = Release|Any CPU
	EndGlobalSection
	GlobalSection(ProjectConfigurationPlatforms) = postSolution
		{96D47CAC-A1E9-4845-8D56-F5356259838B}.Debug|Any CPU.ActiveCfg = Debug|Any CPU
		{96D47CAC-A1E9-4845-8D56-F5356259838B}.Debug|Any CPU.Build.0 = Debug|Any CPU
		{96D47CAC-A1E9-4845-8D56-F5356259838B}.Release|Any CPU.ActiveCfg = Release|Any CPU
		{96D47CAC-A1E9-4845-8D56-F5356259838B}.Release|Any CPU.Build.0 = Release|Any CPU
	EndGlobalSection
	GlobalSection(SolutionProperties) = preSolution
		HideSolutionNode = FALSE
	EndGlobalSection
	GlobalSection(ExtensibilityGlobals) = postSolution
		SolutionGuid = {92BA5ABF-8CF2-431C-93AF-8557051DA10F}
	EndGlobalSection
EndGlobal
